Microsoft Visual Studio Solution File, Format Version 12.00
# Visual Studio Version 17
VisualStudioVersion = 17.5.2.0
MinimumVisualStudioVersion = 10.0.40219.1
Project("{FAE04EC0-301F-11D3-BF4B-00C04F79EFBC}") = "ElevatorSim", "ElevatorSim.csproj", "{0F50A8B3-DDC1-E081-2AA7-F18BA9E148D5}"
EndProject
Global
	GlobalSection(SolutionConfigurationPlatforms) = preSolution
		Debug|Any CPU = Debug|Any CPU
		Release|Any CPU = Release|Any CPU
	EndGlobalSection
	GlobalSection(ProjectConfigurationPlatforms) = postSolution
		{0F50A8B3-DDC1-E081-2AA7-F18BA9E148D5}.Debug|Any CPU.ActiveCfg = Debug|Any CPU
		{0F50A8B3-DDC1-E081-2AA7-F18BA9E148D5}.Debug|Any CPU.Build.0 = Debug|Any CPU
		{0F50A8B3-DDC1-E081-2AA7-F18BA9E148D5}.Release|Any CPU.ActiveCfg = Release|Any CPU
		{0F50A8B3-DDC1-E081-2AA7-F18BA9E148D5}.Release|Any CPU.Build.0 = Release|Any CPU
	EndGlobalSection
	GlobalSection(SolutionProperties) = preSolution
		HideSolutionNode = FALSE
	EndGlobalSection
	GlobalSection(ExtensibilityGlobals) = postSolution
		SolutionGuid = {A3221046-4D55-4AED-A148-10045565CA12}
	EndGlobalSection
EndGlobal
